
Microsoft Visual Studio Solution File, Format Version 12.00
Project("{FAE04EC0-301F-11D3-BF4B-00C04F79EFBC}") = "DragoAnt.Extensions.DependencyInjection.Example", "DragoAnt.Extensions.DependencyInjection.Example\DragoAnt.Extensions.DependencyInjection.Example.csproj", "{6850E54A-D577-49F8-B540-B03A326A47A8}"
EndProject
Project("{2150E333-8FDC-42A3-9474-1A3956D46DE8}") = "packages", "packages", "{CCB9734A-0D45-40E2-BAB2-9FB6D0D056C1}"
EndProject
Project("{FAE04EC0-301F-11D3-BF4B-00C04F79EFBC}") = "DragoAnt.Extensions.DependencyInjection", "..\src\DragoAnt.Extensions.DependencyInjection\DragoAnt.Extensions.DependencyInjection.csproj", "{B4D32064-6EC6-43D1-8893-D891C5B57FF1}"
EndProject
Project("{2150E333-8FDC-42A3-9474-1A3956D46DE8}") = ".msbuild", ".msbuild", "{4D046D8A-D327-48A1-8289-7072B096BD47}"
	ProjectSection(SolutionItems) = preProject
		Directory.Packages.props = Directory.Packages.props
		global.json = global.json
		nuget.config = nuget.config
	EndProjectSection
EndProject
Project("{FAE04EC0-301F-11D3-BF4B-00C04F79EFBC}") = "DragoAnt.Extensions.DependencyInjection.Tests", "..\src\DragoAnt.Extensions.DependencyInjection.Tests\DragoAnt.Extensions.DependencyInjection.Tests.csproj", "{6A40A1B7-5B04-43AD-964E-6F9274A3D9FC}"
EndProject
Project("{2150E333-8FDC-42A3-9474-1A3956D46DE8}") = "tests", "tests", "{647E1219-222A-4ACE-AEAA-3C9EC96FAB76}"
EndProject
Project("{FAE04EC0-301F-11D3-BF4B-00C04F79EFBC}") = "DragoAnt.Extensions.DependencyInjection.Referenced", "..\src\DragoAnt.Extensions.DependencyInjection.Referenced\DragoAnt.Extensions.DependencyInjection.Referenced.csproj", "{5F8387E7-0C5A-43C9-A9B2-A785EEC29C1D}"
EndProject
Project("{FAE04EC0-301F-11D3-BF4B-00C04F79EFBC}") = "DragoAnt.Extensions.DependencyInjection.Referenced.Example", "DragoAnt.Extensions.DependencyInjection.Referenced.Example\DragoAnt.Extensions.DependencyInjection.Referenced.Example.csproj", "{F35F77B2-F7A9-482D-A4DF-D5F3204534E0}"
EndProject
Project("{2150E333-8FDC-42A3-9474-1A3956D46DE8}") = ".msbuild", ".msbuild", "{8D2F1A4E-DE3D-44F2-A784-4A5D43866518}"
	ProjectSection(SolutionItems) = preProject
		..\src\version.props = ..\src\version.props
		..\src\Directory.Packages.props = ..\src\Directory.Packages.props
	EndProjectSection
EndProject
Global
	GlobalSection(SolutionConfigurationPlatforms) = preSolution
		Debug|Any CPU = Debug|Any CPU
		Release|Any CPU = Release|Any CPU
	EndGlobalSection
	GlobalSection(ProjectConfigurationPlatforms) = postSolution
		{6850E54A-D577-49F8-B540-B03A326A47A8}.Debug|Any CPU.ActiveCfg = Debug|Any CPU
		{6850E54A-D577-49F8-B540-B03A326A47A8}.Debug|Any CPU.Build.0 = Debug|Any CPU
		{6850E54A-D577-49F8-B540-B03A326A47A8}.Release|Any CPU.ActiveCfg = Release|Any CPU
		{6850E54A-D577-49F8-B540-B03A326A47A8}.Release|Any CPU.Build.0 = Release|Any CPU
		{B4D32064-6EC6-43D1-8893-D891C5B57FF1}.Debug|Any CPU.ActiveCfg = Debug|Any CPU
		{B4D32064-6EC6-43D1-8893-D891C5B57FF1}.Debug|Any CPU.Build.0 = Debug|Any CPU
		{B4D32064-6EC6-43D1-8893-D891C5B57FF1}.Release|Any CPU.ActiveCfg = Release|Any CPU
		{B4D32064-6EC6-43D1-8893-D891C5B57FF1}.Release|Any CPU.Build.0 = Release|Any CPU
		{6A40A1B7-5B04-43AD-964E-6F9274A3D9FC}.Debug|Any CPU.ActiveCfg = Debug|Any CPU
		{6A40A1B7-5B04-43AD-964E-6F9274A3D9FC}.Debug|Any CPU.Build.0 = Debug|Any CPU
		{6A40A1B7-5B04-43AD-964E-6F9274A3D9FC}.Release|Any CPU.ActiveCfg = Release|Any CPU
		{6A40A1B7-5B04-43AD-964E-6F9274A3D9FC}.Release|Any CPU.Build.0 = Release|Any CPU
		{5F8387E7-0C5A-43C9-A9B2-A785EEC29C1D}.Debug|Any CPU.ActiveCfg = Debug|Any CPU
		{5F8387E7-0C5A-43C9-A9B2-A785EEC29C1D}.Debug|Any CPU.Build.0 = Debug|Any CPU
		{5F8387E7-0C5A-43C9-A9B2-A785EEC29C1D}.Release|Any CPU.ActiveCfg = Release|Any CPU
		{5F8387E7-0C5A-43C9-A9B2-A785EEC29C1D}.Release|Any CPU.Build.0 = Release|Any CPU
		{F35F77B2-F7A9-482D-A4DF-D5F3204534E0}.Debug|Any CPU.ActiveCfg = Debug|Any CPU
		{F35F77B2-F7A9-482D-A4DF-D5F3204534E0}.Debug|Any CPU.Build.0 = Debug|Any CPU
		{F35F77B2-F7A9-482D-A4DF-D5F3204534E0}.Release|Any CPU.ActiveCfg = Release|Any CPU
		{F35F77B2-F7A9-482D-A4DF-D5F3204534E0}.Release|Any CPU.Build.0 = Release|Any CPU
	EndGlobalSection
	GlobalSection(NestedProjects) = preSolution
		{B4D32064-6EC6-43D1-8893-D891C5B57FF1} = {CCB9734A-0D45-40E2-BAB2-9FB6D0D056C1}
		{6A40A1B7-5B04-43AD-964E-6F9274A3D9FC} = {647E1219-222A-4ACE-AEAA-3C9EC96FAB76}
		{5F8387E7-0C5A-43C9-A9B2-A785EEC29C1D} = {CCB9734A-0D45-40E2-BAB2-9FB6D0D056C1}
		{8D2F1A4E-DE3D-44F2-A784-4A5D43866518} = {CCB9734A-0D45-40E2-BAB2-9FB6D0D056C1}
	EndGlobalSection
EndGlobal
