
Microsoft Visual Studio Solution File, Format Version 12.00
Project("{FAE04EC0-301F-11D3-BF4B-00C04F79EFBC}") = "DragoAnt.Extensions.DependencyInjection.Factory", "DragoAnt.Extensions.DependencyInjection.Factory\DragoAnt.Extensions.DependencyInjection.Factory.csproj", "{7A76B30E-83AB-42E6-A515-E71E265B384F}"
EndProject
Project("{2150E333-8FDC-42A3-9474-1A3956D46DE8}") = ".msbuild", ".msbuild", "{21313908-A076-4FFB-8CCA-17FDCBE8F43A}"
	ProjectSection(SolutionItems) = preProject
		Directory.Build.props = Directory.Build.props
		Directory.Build.targets = Directory.Build.targets
		Directory.Packages.props = Directory.Packages.props
		global.json = global.json
		nuget.config = nuget.config
		.msbuild\package.props = .msbuild\package.props
		.msbuild\package.icon.png = .msbuild\package.icon.png
		.msbuild\product.props = .msbuild\product.props
	EndProjectSection
EndProject
Project("{2150E333-8FDC-42A3-9474-1A3956D46DE8}") = ".common", ".common", "{E9A38D62-94B1-4377-ACEA-2214764369DA}"
	ProjectSection(SolutionItems) = preProject
		..\README.md = ..\README.md
	EndProjectSection
EndProject
Project("{2150E333-8FDC-42A3-9474-1A3956D46DE8}") = ".pipelines", ".pipelines", "{3F5310DD-CE18-4602-A0D0-54756F9A70CB}"
	ProjectSection(SolutionItems) = preProject
		..\.github\workflows\build_and_publish_nuget.yml = ..\.github\workflows\build_and_publish_nuget.yml
	EndProjectSection
EndProject
Project("{FAE04EC0-301F-11D3-BF4B-00C04F79EFBC}") = "DragoAnt.Extensions.DependencyInjection.Factory.Tests", "DragoAnt.Extensions.DependencyInjection.Factory.Tests\DragoAnt.Extensions.DependencyInjection.Factory.Tests.csproj", "{CBDEEF4C-E2B5-4CA5-8C4F-E4D670A65F57}"
EndProject
Global
	GlobalSection(SolutionConfigurationPlatforms) = preSolution
		Debug|Any CPU = Debug|Any CPU
		Release|Any CPU = Release|Any CPU
	EndGlobalSection
	GlobalSection(ProjectConfigurationPlatforms) = postSolution
		{7A76B30E-83AB-42E6-A515-E71E265B384F}.Debug|Any CPU.ActiveCfg = Debug|Any CPU
		{7A76B30E-83AB-42E6-A515-E71E265B384F}.Debug|Any CPU.Build.0 = Debug|Any CPU
		{7A76B30E-83AB-42E6-A515-E71E265B384F}.Release|Any CPU.ActiveCfg = Release|Any CPU
		{7A76B30E-83AB-42E6-A515-E71E265B384F}.Release|Any CPU.Build.0 = Release|Any CPU
		{CBDEEF4C-E2B5-4CA5-8C4F-E4D670A65F57}.Debug|Any CPU.ActiveCfg = Debug|Any CPU
		{CBDEEF4C-E2B5-4CA5-8C4F-E4D670A65F57}.Debug|Any CPU.Build.0 = Debug|Any CPU
		{CBDEEF4C-E2B5-4CA5-8C4F-E4D670A65F57}.Release|Any CPU.ActiveCfg = Release|Any CPU
		{CBDEEF4C-E2B5-4CA5-8C4F-E4D670A65F57}.Release|Any CPU.Build.0 = Release|Any CPU
	EndGlobalSection
	GlobalSection(NestedProjects) = preSolution
	EndGlobalSection
EndGlobal
